
Microsoft Visual Studio Solution File, Format Version 12.00
# Visual Studio Version 17
VisualStudioVersion = 17.0.32112.339
MinimumVisualStudioVersion = 10.0.40219.1
Project("{9A19103F-16F7-4668-BE54-9A1E7A4F7556}") = "My-OPR", "My-OPR\My-OPR.csproj", "{6704E17C-AC59-4ECC-A060-07852DCF7538}"
EndProject
Global
	GlobalSection(SolutionConfigurationPlatforms) = preSolution
		Debug|Any CPU = Debug|Any CPU
		Release|Any CPU = Release|Any CPU
	EndGlobalSection
	GlobalSection(ProjectConfigurationPlatforms) = postSolution
		{6704E17C-AC59-4ECC-A060-07852DCF7538}.Debug|Any CPU.ActiveCfg = Debug|Any CPU
		{6704E17C-AC59-4ECC-A060-07852DCF7538}.Debug|Any CPU.Build.0 = Debug|Any CPU
		{6704E17C-AC59-4ECC-A060-07852DCF7538}.Release|Any CPU.ActiveCfg = Release|Any CPU
		{6704E17C-AC59-4ECC-A060-07852DCF7538}.Release|Any CPU.Build.0 = Release|Any CPU
	EndGlobalSection
	GlobalSection(SolutionProperties) = preSolution
		HideSolutionNode = FALSE
	EndGlobalSection
	GlobalSection(ExtensibilityGlobals) = postSolution
		SolutionGuid = {52032BD3-4299-4D9E-9048-2F9D8F75BED5}
	EndGlobalSection
EndGlobal
